// !$*UTF8*$!
{
	archiveVersion = 1;
	classes = {
	};
	objectVersion = 77;
	objects = {

/* Begin PBXBuildFile section */
		63E136322D3C42EC00A790DB /* ToBeDetermined Extension.appex in Embed Foundation Extensions */ = {isa = PBXBuildFile; fileRef = 63E136312D3C42EC00A790DB /* ToBeDetermined Extension.appex */; settings = {ATTRIBUTES = (RemoveHeadersOnCopy, ); }; };
		63E1363C2D3C42EC00A790DB /* ToBeDetermined Extension.appex in Embed Foundation Extensions */ = {isa = PBXBuildFile; fileRef = 63E1363B2D3C42EC00A790DB /* ToBeDetermined Extension.appex */; settings = {ATTRIBUTES = (RemoveHeadersOnCopy, ); }; };
/* End PBXBuildFile section */

/* Begin PBXContainerItemProxy section */
		63E136332D3C42EC00A790DB /* PBXContainerItemProxy */ = {
			isa = PBXContainerItemProxy;
			containerPortal = 63E135F72D3C42EB00A790DB /* Project object */;
			proxyType = 1;
			remoteGlobalIDString = 63E136302D3C42EC00A790DB;
			remoteInfo = "ToBeDetermined Extension (iOS)";
		};
		63E1363D2D3C42EC00A790DB /* PBXContainerItemProxy */ = {
			isa = PBXContainerItemProxy;
			containerPortal = 63E135F72D3C42EB00A790DB /* Project object */;
			proxyType = 1;
			remoteGlobalIDString = 63E1363A2D3C42EC00A790DB;
			remoteInfo = "ToBeDetermined Extension (macOS)";
		};
/* End PBXContainerItemProxy section */

/* Begin PBXCopyFilesBuildPhase section */
		63E136652D3C42EC00A790DB /* Embed Foundation Extensions */ = {
			isa = PBXCopyFilesBuildPhase;
			buildActionMask = 2147483647;
			dstPath = "";
			dstSubfolderSpec = 13;
			files = (
				63E136322D3C42EC00A790DB /* ToBeDetermined Extension.appex in Embed Foundation Extensions */,
			);
			name = "Embed Foundation Extensions";
			runOnlyForDeploymentPostprocessing = 0;
		};
		63E1366F2D3C42EC00A790DB /* Embed Foundation Extensions */ = {
			isa = PBXCopyFilesBuildPhase;
			buildActionMask = 2147483647;
			dstPath = "";
			dstSubfolderSpec = 13;
			files = (
				63E1363C2D3C42EC00A790DB /* ToBeDetermined Extension.appex in Embed Foundation Extensions */,
			);
			name = "Embed Foundation Extensions";
			runOnlyForDeploymentPostprocessing = 0;
		};
/* End PBXCopyFilesBuildPhase section */

/* Begin PBXFileReference section */
		63E136132D3C42EC00A790DB /* ToBeDetermined.app */ = {isa = PBXFileReference; explicitFileType = wrapper.application; includeInIndex = 0; path = ToBeDetermined.app; sourceTree = BUILT_PRODUCTS_DIR; };
		63E136252D3C42EC00A790DB /* ToBeDetermined.app */ = {isa = PBXFileReference; explicitFileType = wrapper.application; includeInIndex = 0; path = ToBeDetermined.app; sourceTree = BUILT_PRODUCTS_DIR; };
		63E136312D3C42EC00A790DB /* ToBeDetermined Extension.appex */ = {isa = PBXFileReference; explicitFileType = "wrapper.app-extension"; includeInIndex = 0; path = "ToBeDetermined Extension.appex"; sourceTree = BUILT_PRODUCTS_DIR; };
		63E1363B2D3C42EC00A790DB /* ToBeDetermined Extension.appex */ = {isa = PBXFileReference; explicitFileType = "wrapper.app-extension"; includeInIndex = 0; path = "ToBeDetermined Extension.appex"; sourceTree = BUILT_PRODUCTS_DIR; };
/* End PBXFileReference section */

/* Begin PBXFileSystemSynchronizedBuildFileExceptionSet section */
		63E136602D3C42EC00A790DB /* Exceptions for "Shared (App)" folder in "ToBeDetermined (iOS)" target */ = {
			isa = PBXFileSystemSynchronizedBuildFileExceptionSet;
			membershipExceptions = (
				"/Localized: Resources/Main.html",
				Assets.xcassets,
				Resources/Icon.png,
				Resources/Script.js,
				Resources/Style.css,
				ViewController.swift,
			);
			target = 63E136122D3C42EC00A790DB /* ToBeDetermined (iOS) */;
		};
		63E136642D3C42EC00A790DB /* Exceptions for "iOS (Extension)" folder in "ToBeDetermined Extension (iOS)" target */ = {
			isa = PBXFileSystemSynchronizedBuildFileExceptionSet;
			membershipExceptions = (
				Info.plist,
			);
			target = 63E136302D3C42EC00A790DB /* ToBeDetermined Extension (iOS) */;
		};
		63E136692D3C42EC00A790DB /* Exceptions for "iOS (App)" folder in "ToBeDetermined (iOS)" target */ = {
			isa = PBXFileSystemSynchronizedBuildFileExceptionSet;
			membershipExceptions = (
				Info.plist,
			);
			target = 63E136122D3C42EC00A790DB /* ToBeDetermined (iOS) */;
		};
		63E1366A2D3C42EC00A790DB /* Exceptions for "Shared (App)" folder in "ToBeDetermined (macOS)" target */ = {
			isa = PBXFileSystemSynchronizedBuildFileExceptionSet;
			membershipExceptions = (
				"/Localized: Resources/Main.html",
				Assets.xcassets,
				Resources/Icon.png,
				Resources/Script.js,
				Resources/Style.css,
				ViewController.swift,
			);
			target = 63E136242D3C42EC00A790DB /* ToBeDetermined (macOS) */;
		};
		63E1366E2D3C42EC00A790DB /* Exceptions for "macOS (Extension)" folder in "ToBeDetermined Extension (macOS)" target */ = {
			isa = PBXFileSystemSynchronizedBuildFileExceptionSet;
			membershipExceptions = (
				Info.plist,
			);
			target = 63E1363A2D3C42EC00A790DB /* ToBeDetermined Extension (macOS) */;
		};
		63E136732D3C42EC00A790DB /* Exceptions for "Shared (Extension)" folder in "ToBeDetermined Extension (iOS)" target */ = {
			isa = PBXFileSystemSynchronizedBuildFileExceptionSet;
			membershipExceptions = (
				Resources/_locales,
				Resources/background.js,
				Resources/content.js,
				Resources/images,
				Resources/manifest.json,
				Resources/popup.css,
				Resources/popup.html,
				Resources/popup.js,
				SafariWebExtensionHandler.swift,
			);
			target = 63E136302D3C42EC00A790DB /* ToBeDetermined Extension (iOS) */;
		};
		63E136742D3C42EC00A790DB /* Exceptions for "Shared (Extension)" folder in "ToBeDetermined Extension (macOS)" target */ = {
			isa = PBXFileSystemSynchronizedBuildFileExceptionSet;
			membershipExceptions = (
				Resources/_locales,
				Resources/background.js,
				Resources/content.js,
				Resources/images,
				Resources/manifest.json,
				Resources/popup.css,
				Resources/popup.html,
				Resources/popup.js,
				SafariWebExtensionHandler.swift,
			);
			target = 63E1363A2D3C42EC00A790DB /* ToBeDetermined Extension (macOS) */;
		};
/* End PBXFileSystemSynchronizedBuildFileExceptionSet section */

/* Begin PBXFileSystemSynchronizedRootGroup section */
		63E135FB2D3C42EB00A790DB /* Shared (App) */ = {
			isa = PBXFileSystemSynchronizedRootGroup;
			exceptions = (
				63E136602D3C42EC00A790DB /* Exceptions for "Shared (App)" folder in "ToBeDetermined (iOS)" target */,
				63E1366A2D3C42EC00A790DB /* Exceptions for "Shared (App)" folder in "ToBeDetermined (macOS)" target */,
			);
			path = "Shared (App)";
			sourceTree = "<group>";
		};
		63E136042D3C42EC00A790DB /* Shared (Extension) */ = {
			isa = PBXFileSystemSynchronizedRootGroup;
			exceptions = (
				63E136732D3C42EC00A790DB /* Exceptions for "Shared (Extension)" folder in "ToBeDetermined Extension (iOS)" target */,
				63E136742D3C42EC00A790DB /* Exceptions for "Shared (Extension)" folder in "ToBeDetermined Extension (macOS)" target */,
			);
			explicitFolders = (
				Resources/_locales,
				Resources/images,
			);
			path = "Shared (Extension)";
			sourceTree = "<group>";
		};
		63E136152D3C42EC00A790DB /* iOS (App) */ = {
			isa = PBXFileSystemSynchronizedRootGroup;
			exceptions = (
				63E136692D3C42EC00A790DB /* Exceptions for "iOS (App)" folder in "ToBeDetermined (iOS)" target */,
			);
			path = "iOS (App)";
			sourceTree = "<group>";
		};
		63E136262D3C42EC00A790DB /* macOS (App) */ = {
			isa = PBXFileSystemSynchronizedRootGroup;
			path = "macOS (App)";
			sourceTree = "<group>";
		};
		63E136352D3C42EC00A790DB /* iOS (Extension) */ = {
			isa = PBXFileSystemSynchronizedRootGroup;
			exceptions = (
				63E136642D3C42EC00A790DB /* Exceptions for "iOS (Extension)" folder in "ToBeDetermined Extension (iOS)" target */,
			);
			path = "iOS (Extension)";
			sourceTree = "<group>";
		};
		63E1363F2D3C42EC00A790DB /* macOS (Extension) */ = {
			isa = PBXFileSystemSynchronizedRootGroup;
			exceptions = (
				63E1366E2D3C42EC00A790DB /* Exceptions for "macOS (Extension)" folder in "ToBeDetermined Extension (macOS)" target */,
			);
			path = "macOS (Extension)";
			sourceTree = "<group>";
		};
/* End PBXFileSystemSynchronizedRootGroup section */

/* Begin PBXFrameworksBuildPhase section */
		63E136102D3C42EC00A790DB /* Frameworks */ = {
			isa = PBXFrameworksBuildPhase;
			buildActionMask = 2147483647;
			files = (
			);
			runOnlyForDeploymentPostprocessing = 0;
		};
		63E136222D3C42EC00A790DB /* Frameworks */ = {
			isa = PBXFrameworksBuildPhase;
			buildActionMask = 2147483647;
			files = (
			);
			runOnlyForDeploymentPostprocessing = 0;
		};
		63E1362E2D3C42EC00A790DB /* Frameworks */ = {
			isa = PBXFrameworksBuildPhase;
			buildActionMask = 2147483647;
			files = (
			);
			runOnlyForDeploymentPostprocessing = 0;
		};
		63E136382D3C42EC00A790DB /* Frameworks */ = {
			isa = PBXFrameworksBuildPhase;
			buildActionMask = 2147483647;
			files = (
			);
			runOnlyForDeploymentPostprocessing = 0;
		};
/* End PBXFrameworksBuildPhase section */

/* Begin PBXGroup section */
		63E135F62D3C42EB00A790DB = {
			isa = PBXGroup;
			children = (
				63E135FB2D3C42EB00A790DB /* Shared (App) */,
				63E136042D3C42EC00A790DB /* Shared (Extension) */,
				63E136152D3C42EC00A790DB /* iOS (App) */,
				63E136262D3C42EC00A790DB /* macOS (App) */,
				63E136352D3C42EC00A790DB /* iOS (Extension) */,
				63E1363F2D3C42EC00A790DB /* macOS (Extension) */,
				63E136142D3C42EC00A790DB /* Products */,
			);
			sourceTree = "<group>";
		};
		63E136142D3C42EC00A790DB /* Products */ = {
			isa = PBXGroup;
			children = (
				63E136132D3C42EC00A790DB /* ToBeDetermined.app */,
				63E136252D3C42EC00A790DB /* ToBeDetermined.app */,
				63E136312D3C42EC00A790DB /* ToBeDetermined Extension.appex */,
				63E1363B2D3C42EC00A790DB /* ToBeDetermined Extension.appex */,
			);
			name = Products;
			sourceTree = "<group>";
		};
/* End PBXGroup section */

/* Begin PBXNativeTarget section */
		63E136122D3C42EC00A790DB /* ToBeDetermined (iOS) */ = {
			isa = PBXNativeTarget;
			buildConfigurationList = 63E136662D3C42EC00A790DB /* Build configuration list for PBXNativeTarget "ToBeDetermined (iOS)" */;
			buildPhases = (
				63E1360F2D3C42EC00A790DB /* Sources */,
				63E136102D3C42EC00A790DB /* Frameworks */,
				63E136112D3C42EC00A790DB /* Resources */,
				63E136652D3C42EC00A790DB /* Embed Foundation Extensions */,
			);
			buildRules = (
			);
			dependencies = (
				63E136342D3C42EC00A790DB /* PBXTargetDependency */,
			);
			fileSystemSynchronizedGroups = (
				63E136152D3C42EC00A790DB /* iOS (App) */,
			);
			name = "ToBeDetermined (iOS)";
			packageProductDependencies = (
			);
			productName = "ToBeDetermined (iOS)";
			productReference = 63E136132D3C42EC00A790DB /* ToBeDetermined.app */;
			productType = "com.apple.product-type.application";
		};
		63E136242D3C42EC00A790DB /* ToBeDetermined (macOS) */ = {
			isa = PBXNativeTarget;
			buildConfigurationList = 63E136702D3C42EC00A790DB /* Build configuration list for PBXNativeTarget "ToBeDetermined (macOS)" */;
			buildPhases = (
				63E136212D3C42EC00A790DB /* Sources */,
				63E136222D3C42EC00A790DB /* Frameworks */,
				63E136232D3C42EC00A790DB /* Resources */,
				63E1366F2D3C42EC00A790DB /* Embed Foundation Extensions */,
			);
			buildRules = (
			);
			dependencies = (
				63E1363E2D3C42EC00A790DB /* PBXTargetDependency */,
			);
			fileSystemSynchronizedGroups = (
				63E136262D3C42EC00A790DB /* macOS (App) */,
			);
			name = "ToBeDetermined (macOS)";
			packageProductDependencies = (
			);
			productName = "ToBeDetermined (macOS)";
			productReference = 63E136252D3C42EC00A790DB /* ToBeDetermined.app */;
			productType = "com.apple.product-type.application";
		};
		63E136302D3C42EC00A790DB /* ToBeDetermined Extension (iOS) */ = {
			isa = PBXNativeTarget;
			buildConfigurationList = 63E136612D3C42EC00A790DB /* Build configuration list for PBXNativeTarget "ToBeDetermined Extension (iOS)" */;
			buildPhases = (
				63E1362D2D3C42EC00A790DB /* Sources */,
				63E1362E2D3C42EC00A790DB /* Frameworks */,
				63E1362F2D3C42EC00A790DB /* Resources */,
			);
			buildRules = (
			);
			dependencies = (
			);
			fileSystemSynchronizedGroups = (
				63E136352D3C42EC00A790DB /* iOS (Extension) */,
			);
			name = "ToBeDetermined Extension (iOS)";
			packageProductDependencies = (
			);
			productName = "ToBeDetermined Extension (iOS)";
			productReference = 63E136312D3C42EC00A790DB /* ToBeDetermined Extension.appex */;
			productType = "com.apple.product-type.app-extension";
		};
		63E1363A2D3C42EC00A790DB /* ToBeDetermined Extension (macOS) */ = {
			isa = PBXNativeTarget;
			buildConfigurationList = 63E1366B2D3C42EC00A790DB /* Build configuration list for PBXNativeTarget "ToBeDetermined Extension (macOS)" */;
			buildPhases = (
				63E136372D3C42EC00A790DB /* Sources */,
				63E136382D3C42EC00A790DB /* Frameworks */,
				63E136392D3C42EC00A790DB /* Resources */,
			);
			buildRules = (
			);
			dependencies = (
			);
			fileSystemSynchronizedGroups = (
				63E1363F2D3C42EC00A790DB /* macOS (Extension) */,
			);
			name = "ToBeDetermined Extension (macOS)";
			packageProductDependencies = (
			);
			productName = "ToBeDetermined Extension (macOS)";
			productReference = 63E1363B2D3C42EC00A790DB /* ToBeDetermined Extension.appex */;
			productType = "com.apple.product-type.app-extension";
		};
/* End PBXNativeTarget section */

/* Begin PBXProject section */
		63E135F72D3C42EB00A790DB /* Project object */ = {
			isa = PBXProject;
			attributes = {
				BuildIndependentTargetsInParallel = 1;
				LastSwiftUpdateCheck = 1620;
				LastUpgradeCheck = 1620;
				TargetAttributes = {
					63E136122D3C42EC00A790DB = {
						CreatedOnToolsVersion = 16.2;
					};
					63E136242D3C42EC00A790DB = {
						CreatedOnToolsVersion = 16.2;
					};
					63E136302D3C42EC00A790DB = {
						CreatedOnToolsVersion = 16.2;
					};
					63E1363A2D3C42EC00A790DB = {
						CreatedOnToolsVersion = 16.2;
					};
				};
			};
			buildConfigurationList = 63E135FA2D3C42EB00A790DB /* Build configuration list for PBXProject "ToBeDetermined" */;
			developmentRegion = en;
			hasScannedForEncodings = 0;
			knownRegions = (
				en,
				Base,
			);
			mainGroup = 63E135F62D3C42EB00A790DB;
			minimizedProjectReferenceProxies = 1;
			preferredProjectObjectVersion = 77;
			productRefGroup = 63E136142D3C42EC00A790DB /* Products */;
			projectDirPath = "";
			projectRoot = "";
			targets = (
				63E136122D3C42EC00A790DB /* ToBeDetermined (iOS) */,
				63E136242D3C42EC00A790DB /* ToBeDetermined (macOS) */,
				63E136302D3C42EC00A790DB /* ToBeDetermined Extension (iOS) */,
				63E1363A2D3C42EC00A790DB /* ToBeDetermined Extension (macOS) */,
			);
		};
/* End PBXProject section */

/* Begin PBXResourcesBuildPhase section */
		63E136112D3C42EC00A790DB /* Resources */ = {
			isa = PBXResourcesBuildPhase;
			buildActionMask = 2147483647;
			files = (
			);
			runOnlyForDeploymentPostprocessing = 0;
		};
		63E136232D3C42EC00A790DB /* Resources */ = {
			isa = PBXResourcesBuildPhase;
			buildActionMask = 2147483647;
			files = (
			);
			runOnlyForDeploymentPostprocessing = 0;
		};
		63E1362F2D3C42EC00A790DB /* Resources */ = {
			isa = PBXResourcesBuildPhase;
			buildActionMask = 2147483647;
			files = (
			);
			runOnlyForDeploymentPostprocessing = 0;
		};
		63E136392D3C42EC00A790DB /* Resources */ = {
			isa = PBXResourcesBuildPhase;
			buildActionMask = 2147483647;
			files = (
			);
			runOnlyForDeploymentPostprocessing = 0;
		};
/* End PBXResourcesBuildPhase section */

/* Begin PBXSourcesBuildPhase section */
		63E1360F2D3C42EC00A790DB /* Sources */ = {
			isa = PBXSourcesBuildPhase;
			buildActionMask = 2147483647;
			files = (
			);
			runOnlyForDeploymentPostprocessing = 0;
		};
		63E136212D3C42EC00A790DB /* Sources */ = {
			isa = PBXSourcesBuildPhase;
			buildActionMask = 2147483647;
			files = (
			);
			runOnlyForDeploymentPostprocessing = 0;
		};
		63E1362D2D3C42EC00A790DB /* Sources */ = {
			isa = PBXSourcesBuildPhase;
			buildActionMask = 2147483647;
			files = (
			);
			runOnlyForDeploymentPostprocessing = 0;
		};
		63E136372D3C42EC00A790DB /* Sources */ = {
			isa = PBXSourcesBuildPhase;
			buildActionMask = 2147483647;
			files = (
			);
			runOnlyForDeploymentPostprocessing = 0;
		};
/* End PBXSourcesBuildPhase section */

/* Begin PBXTargetDependency section */
		63E136342D3C42EC00A790DB /* PBXTargetDependency */ = {
			isa = PBXTargetDependency;
			target = 63E136302D3C42EC00A790DB /* ToBeDetermined Extension (iOS) */;
			targetProxy = 63E136332D3C42EC00A790DB /* PBXContainerItemProxy */;
		};
		63E1363E2D3C42EC00A790DB /* PBXTargetDependency */ = {
			isa = PBXTargetDependency;
			target = 63E1363A2D3C42EC00A790DB /* ToBeDetermined Extension (macOS) */;
			targetProxy = 63E1363D2D3C42EC00A790DB /* PBXContainerItemProxy */;
		};
/* End PBXTargetDependency section */

/* Begin XCBuildConfiguration section */
		63E136622D3C42EC00A790DB /* Debug */ = {
			isa = XCBuildConfiguration;
			buildSettings = {
				CODE_SIGN_STYLE = Automatic;
				CURRENT_PROJECT_VERSION = 1;
				DEVELOPMENT_TEAM = RWHVCP63QS;
				GENERATE_INFOPLIST_FILE = YES;
				INFOPLIST_FILE = "iOS (Extension)/Info.plist";
				INFOPLIST_KEY_CFBundleDisplayName = "ToBeDetermined Extension";
				INFOPLIST_KEY_NSHumanReadableCopyright = "";
				IPHONEOS_DEPLOYMENT_TARGET = 15.0;
				LD_RUNPATH_SEARCH_PATHS = (
					"$(inherited)",
					"@executable_path/Frameworks",
					"@executable_path/../../Frameworks",
				);
				MARKETING_VERSION = 1.0;
				OTHER_LDFLAGS = (
					"-framework",
					SafariServices,
				);
				PRODUCT_BUNDLE_IDENTIFIER = group.newfire.sandbox.ToBeDetermined.Extension;
				PRODUCT_NAME = "ToBeDetermined Extension";
				SDKROOT = iphoneos;
				SKIP_INSTALL = YES;
				SWIFT_EMIT_LOC_STRINGS = YES;
				SWIFT_VERSION = 5.0;
				TARGETED_DEVICE_FAMILY = "1,2";
			};
			name = Debug;
		};
		63E136632D3C42EC00A790DB /* Release */ = {
			isa = XCBuildConfiguration;
			buildSettings = {
				CODE_SIGN_STYLE = Automatic;
				CURRENT_PROJECT_VERSION = 1;
				DEVELOPMENT_TEAM = RWHVCP63QS;
				GENERATE_INFOPLIST_FILE = YES;
				INFOPLIST_FILE = "iOS (Extension)/Info.plist";
				INFOPLIST_KEY_CFBundleDisplayName = "ToBeDetermined Extension";
				INFOPLIST_KEY_NSHumanReadableCopyright = "";
				IPHONEOS_DEPLOYMENT_TARGET = 15.0;
				LD_RUNPATH_SEARCH_PATHS = (
					"$(inherited)",
					"@executable_path/Frameworks",
					"@executable_path/../../Frameworks",
				);
				MARKETING_VERSION = 1.0;
				OTHER_LDFLAGS = (
					"-framework",
					SafariServices,
				);
				PRODUCT_BUNDLE_IDENTIFIER = group.newfire.sandbox.ToBeDetermined.Extension;
				PRODUCT_NAME = "ToBeDetermined Extension";
				SDKROOT = iphoneos;
				SKIP_INSTALL = YES;
				SWIFT_EMIT_LOC_STRINGS = YES;
				SWIFT_VERSION = 5.0;
				TARGETED_DEVICE_FAMILY = "1,2";
				VALIDATE_PRODUCT = YES;
			};
			name = Release;
		};
		63E136672D3C42EC00A790DB /* Debug */ = {
			isa = XCBuildConfiguration;
			buildSettings = {
				ASSETCATALOG_COMPILER_APPICON_NAME = AppIcon;
				ASSETCATALOG_COMPILER_GLOBAL_ACCENT_COLOR_NAME = AccentColor;
				CODE_SIGN_STYLE = Automatic;
				CURRENT_PROJECT_VERSION = 1;
				DEVELOPMENT_TEAM = RWHVCP63QS;
				GENERATE_INFOPLIST_FILE = YES;
				INFOPLIST_FILE = "iOS (App)/Info.plist";
				INFOPLIST_KEY_CFBundleDisplayName = ToBeDetermined;
				INFOPLIST_KEY_UIApplicationSupportsIndirectInputEvents = YES;
				INFOPLIST_KEY_UILaunchStoryboardName = LaunchScreen;
				INFOPLIST_KEY_UIMainStoryboardFile = Main;
				INFOPLIST_KEY_UISupportedInterfaceOrientations = "UIInterfaceOrientationPortrait UIInterfaceOrientationLandscapeLeft UIInterfaceOrientationLandscapeRight";
				INFOPLIST_KEY_UISupportedInterfaceOrientations_iPad = "UIInterfaceOrientationPortrait UIInterfaceOrientationPortraitUpsideDown UIInterfaceOrientationLandscapeLeft UIInterfaceOrientationLandscapeRight";
				IPHONEOS_DEPLOYMENT_TARGET = 15.0;
				LD_RUNPATH_SEARCH_PATHS = (
					"$(inherited)",
					"@executable_path/Frameworks",
				);
				MARKETING_VERSION = 1.0;
				OTHER_LDFLAGS = (
					"-framework",
					SafariServices,
					"-framework",
					WebKit,
				);
				PRODUCT_BUNDLE_IDENTIFIER = group.newfire.sandbox.ToBeDetermined;
				PRODUCT_NAME = ToBeDetermined;
				SDKROOT = iphoneos;
				SWIFT_EMIT_LOC_STRINGS = YES;
				SWIFT_VERSION = 5.0;
				TARGETED_DEVICE_FAMILY = "1,2";
			};
			name = Debug;
		};
		63E136682D3C42EC00A790DB /* Release */ = {
			isa = XCBuildConfiguration;
			buildSettings = {
				ASSETCATALOG_COMPILER_APPICON_NAME = AppIcon;
				ASSETCATALOG_COMPILER_GLOBAL_ACCENT_COLOR_NAME = AccentColor;
				CODE_SIGN_STYLE = Automatic;
				CURRENT_PROJECT_VERSION = 1;
				DEVELOPMENT_TEAM = RWHVCP63QS;
				GENERATE_INFOPLIST_FILE = YES;
				INFOPLIST_FILE = "iOS (App)/Info.plist";
				INFOPLIST_KEY_CFBundleDisplayName = ToBeDetermined;
				INFOPLIST_KEY_UIApplicationSupportsIndirectInputEvents = YES;
				INFOPLIST_KEY_UILaunchStoryboardName = LaunchScreen;
				INFOPLIST_KEY_UIMainStoryboardFile = Main;
				INFOPLIST_KEY_UISupportedInterfaceOrientations = "UIInterfaceOrientationPortrait UIInterfaceOrientationLandscapeLeft UIInterfaceOrientationLandscapeRight";
				INFOPLIST_KEY_UISupportedInterfaceOrientations_iPad = "UIInterfaceOrientationPortrait UIInterfaceOrientationPortraitUpsideDown UIInterfaceOrientationLandscapeLeft UIInterfaceOrientationLandscapeRight";
				IPHONEOS_DEPLOYMENT_TARGET = 15.0;
				LD_RUNPATH_SEARCH_PATHS = (
					"$(inherited)",
					"@executable_path/Frameworks",
				);
				MARKETING_VERSION = 1.0;
				OTHER_LDFLAGS = (
					"-framework",
					SafariServices,
					"-framework",
					WebKit,
				);
				PRODUCT_BUNDLE_IDENTIFIER = group.newfire.sandbox.ToBeDetermined;
				PRODUCT_NAME = ToBeDetermined;
				SDKROOT = iphoneos;
				SWIFT_EMIT_LOC_STRINGS = YES;
				SWIFT_VERSION = 5.0;
				TARGETED_DEVICE_FAMILY = "1,2";
				VALIDATE_PRODUCT = YES;
			};
			name = Release;
		};
		63E1366C2D3C42EC00A790DB /* Debug */ = {
			isa = XCBuildConfiguration;
			buildSettings = {
				CODE_SIGN_ENTITLEMENTS = "macOS (Extension)/ToBeDetermined.entitlements";
				CODE_SIGN_STYLE = Automatic;
				CURRENT_PROJECT_VERSION = 1;
				DEVELOPMENT_TEAM = RWHVCP63QS;
				ENABLE_HARDENED_RUNTIME = YES;
				GENERATE_INFOPLIST_FILE = YES;
				INFOPLIST_FILE = "macOS (Extension)/Info.plist";
				INFOPLIST_KEY_CFBundleDisplayName = "ToBeDetermined Extension";
				INFOPLIST_KEY_NSHumanReadableCopyright = "";
				LD_RUNPATH_SEARCH_PATHS = (
					"$(inherited)",
					"@executable_path/../Frameworks",
					"@executable_path/../../../../Frameworks",
				);
				MACOSX_DEPLOYMENT_TARGET = 10.14;
				MARKETING_VERSION = 1.0;
				OTHER_LDFLAGS = (
					"-framework",
					SafariServices,
				);
				PRODUCT_BUNDLE_IDENTIFIER = group.newfire.sandbox.ToBeDetermined.Extension;
				PRODUCT_NAME = "ToBeDetermined Extension";
				SDKROOT = macosx;
				SKIP_INSTALL = YES;
				SWIFT_EMIT_LOC_STRINGS = YES;
				SWIFT_VERSION = 5.0;
			};
			name = Debug;
		};
		63E1366D2D3C42EC00A790DB /* Release */ = {
			isa = XCBuildConfiguration;
			buildSettings = {
				CODE_SIGN_ENTITLEMENTS = "macOS (Extension)/ToBeDetermined.entitlements";
				CODE_SIGN_STYLE = Automatic;
				CURRENT_PROJECT_VERSION = 1;
				DEVELOPMENT_TEAM = RWHVCP63QS;
				ENABLE_HARDENED_RUNTIME = YES;
				GENERATE_INFOPLIST_FILE = YES;
				INFOPLIST_FILE = "macOS (Extension)/Info.plist";
				INFOPLIST_KEY_CFBundleDisplayName = "ToBeDetermined Extension";
				INFOPLIST_KEY_NSHumanReadableCopyright = "";
				LD_RUNPATH_SEARCH_PATHS = (
					"$(inherited)",
					"@executable_path/../Frameworks",
					"@executable_path/../../../../Frameworks",
				);
				MACOSX_DEPLOYMENT_TARGET = 10.14;
				MARKETING_VERSION = 1.0;
				OTHER_LDFLAGS = (
					"-framework",
					SafariServices,
				);
				PRODUCT_BUNDLE_IDENTIFIER = group.newfire.sandbox.ToBeDetermined.Extension;
				PRODUCT_NAME = "ToBeDetermined Extension";
				SDKROOT = macosx;
				SKIP_INSTALL = YES;
				SWIFT_EMIT_LOC_STRINGS = YES;
				SWIFT_VERSION = 5.0;
			};
			name = Release;
		};
		63E136712D3C42EC00A790DB /* Debug */ = {
			isa = XCBuildConfiguration;
			buildSettings = {
				ASSETCATALOG_COMPILER_APPICON_NAME = AppIcon;
				ASSETCATALOG_COMPILER_GLOBAL_ACCENT_COLOR_NAME = AccentColor;
				CODE_SIGN_ENTITLEMENTS = "macOS (App)/ToBeDetermined.entitlements";
				CODE_SIGN_STYLE = Automatic;
				CURRENT_PROJECT_VERSION = 1;
				DEVELOPMENT_TEAM = RWHVCP63QS;
				ENABLE_HARDENED_RUNTIME = YES;
				GENERATE_INFOPLIST_FILE = YES;
				INFOPLIST_KEY_CFBundleDisplayName = ToBeDetermined;
				INFOPLIST_KEY_NSMainStoryboardFile = Main;
				INFOPLIST_KEY_NSPrincipalClass = NSApplication;
				LD_RUNPATH_SEARCH_PATHS = (
					"$(inherited)",
					"@executable_path/../Frameworks",
				);
				MACOSX_DEPLOYMENT_TARGET = 10.14;
				MARKETING_VERSION = 1.0;
				OTHER_LDFLAGS = (
					"-framework",
					SafariServices,
					"-framework",
					WebKit,
				);
				PRODUCT_BUNDLE_IDENTIFIER = group.newfire.sandbox.ToBeDetermined;
				PRODUCT_NAME = ToBeDetermined;
				SDKROOT = macosx;
				SWIFT_EMIT_LOC_STRINGS = YES;
				SWIFT_VERSION = 5.0;
			};
			name = Debug;
		};
		63E136722D3C42EC00A790DB /* Release */ = {
			isa = XCBuildConfiguration;
			buildSettings = {
				ASSETCATALOG_COMPILER_APPICON_NAME = AppIcon;
				ASSETCATALOG_COMPILER_GLOBAL_ACCENT_COLOR_NAME = AccentColor;
				CODE_SIGN_ENTITLEMENTS = "macOS (App)/ToBeDetermined.entitlements";
				CODE_SIGN_STYLE = Automatic;
				CURRENT_PROJECT_VERSION = 1;
				DEVELOPMENT_TEAM = RWHVCP63QS;
				ENABLE_HARDENED_RUNTIME = YES;
				GENERATE_INFOPLIST_FILE = YES;
				INFOPLIST_KEY_CFBundleDisplayName = ToBeDetermined;
				INFOPLIST_KEY_NSMainStoryboardFile = Main;
				INFOPLIST_KEY_NSPrincipalClass = NSApplication;
				LD_RUNPATH_SEARCH_PATHS = (
					"$(inherited)",
					"@executable_path/../Frameworks",
				);
				MACOSX_DEPLOYMENT_TARGET = 10.14;
				MARKETING_VERSION = 1.0;
				OTHER_LDFLAGS = (
					"-framework",
					SafariServices,
					"-framework",
					WebKit,
				);
				PRODUCT_BUNDLE_IDENTIFIER = group.newfire.sandbox.ToBeDetermined;
				PRODUCT_NAME = ToBeDetermined;
				SDKROOT = macosx;
				SWIFT_EMIT_LOC_STRINGS = YES;
				SWIFT_VERSION = 5.0;
			};
			name = Release;
		};
		63E136752D3C42EC00A790DB /* Debug */ = {
			isa = XCBuildConfiguration;
			buildSettings = {
				ALWAYS_SEARCH_USER_PATHS = NO;
				ASSETCATALOG_COMPILER_GENERATE_SWIFT_ASSET_SYMBOL_EXTENSIONS = YES;
				CLANG_ANALYZER_NONNULL = YES;
				CLANG_ANALYZER_NUMBER_OBJECT_CONVERSION = YES_AGGRESSIVE;
				CLANG_CXX_LANGUAGE_STANDARD = "gnu++20";
				CLANG_ENABLE_MODULES = YES;
				CLANG_ENABLE_OBJC_ARC = YES;
				CLANG_ENABLE_OBJC_WEAK = YES;
				CLANG_WARN_BLOCK_CAPTURE_AUTORELEASING = YES;
				CLANG_WARN_BOOL_CONVERSION = YES;
				CLANG_WARN_COMMA = YES;
				CLANG_WARN_CONSTANT_CONVERSION = YES;
				CLANG_WARN_DEPRECATED_OBJC_IMPLEMENTATIONS = YES;
				CLANG_WARN_DIRECT_OBJC_ISA_USAGE = YES_ERROR;
				CLANG_WARN_DOCUMENTATION_COMMENTS = YES;
				CLANG_WARN_EMPTY_BODY = YES;
				CLANG_WARN_ENUM_CONVERSION = YES;
				CLANG_WARN_INFINITE_RECURSION = YES;
				CLANG_WARN_INT_CONVERSION = YES;
				CLANG_WARN_NON_LITERAL_NULL_CONVERSION = YES;
				CLANG_WARN_OBJC_IMPLICIT_RETAIN_SELF = YES;
				CLANG_WARN_OBJC_LITERAL_CONVERSION = YES;
				CLANG_WARN_OBJC_ROOT_CLASS = YES_ERROR;
				CLANG_WARN_QUOTED_INCLUDE_IN_FRAMEWORK_HEADER = YES;
				CLANG_WARN_RANGE_LOOP_ANALYSIS = YES;
				CLANG_WARN_STRICT_PROTOTYPES = YES;
				CLANG_WARN_SUSPICIOUS_MOVE = YES;
				CLANG_WARN_UNGUARDED_AVAILABILITY = YES_AGGRESSIVE;
				CLANG_WARN_UNREACHABLE_CODE = YES;
				CLANG_WARN__DUPLICATE_METHOD_MATCH = YES;
				COPY_PHASE_STRIP = NO;
				DEBUG_INFORMATION_FORMAT = dwarf;
				ENABLE_STRICT_OBJC_MSGSEND = YES;
				ENABLE_TESTABILITY = YES;
				ENABLE_USER_SCRIPT_SANDBOXING = YES;
				GCC_C_LANGUAGE_STANDARD = gnu17;
				GCC_DYNAMIC_NO_PIC = NO;
				GCC_NO_COMMON_BLOCKS = YES;
				GCC_OPTIMIZATION_LEVEL = 0;
				GCC_PREPROCESSOR_DEFINITIONS = (
					"DEBUG=1",
					"$(inherited)",
				);
				GCC_WARN_64_TO_32_BIT_CONVERSION = YES;
				GCC_WARN_ABOUT_RETURN_TYPE = YES_ERROR;
				GCC_WARN_UNDECLARED_SELECTOR = YES;
				GCC_WARN_UNINITIALIZED_AUTOS = YES_AGGRESSIVE;
				GCC_WARN_UNUSED_FUNCTION = YES;
				GCC_WARN_UNUSED_VARIABLE = YES;
				LOCALIZATION_PREFERS_STRING_CATALOGS = YES;
				MTL_ENABLE_DEBUG_INFO = INCLUDE_SOURCE;
				MTL_FAST_MATH = YES;
				ONLY_ACTIVE_ARCH = YES;
				SWIFT_ACTIVE_COMPILATION_CONDITIONS = "DEBUG $(inherited)";
				SWIFT_OPTIMIZATION_LEVEL = "-Onone";
			};
			name = Debug;
		};
		63E136762D3C42EC00A790DB /* Release */ = {
			isa = XCBuildConfiguration;
			buildSettings = {
				ALWAYS_SEARCH_USER_PATHS = NO;
				ASSETCATALOG_COMPILER_GENERATE_SWIFT_ASSET_SYMBOL_EXTENSIONS = YES;
				CLANG_ANALYZER_NONNULL = YES;
				CLANG_ANALYZER_NUMBER_OBJECT_CONVERSION = YES_AGGRESSIVE;
				CLANG_CXX_LANGUAGE_STANDARD = "gnu++20";
				CLANG_ENABLE_MODULES = YES;
				CLANG_ENABLE_OBJC_ARC = YES;
				CLANG_ENABLE_OBJC_WEAK = YES;
				CLANG_WARN_BLOCK_CAPTURE_AUTORELEASING = YES;
				CLANG_WARN_BOOL_CONVERSION = YES;
				CLANG_WARN_COMMA = YES;
				CLANG_WARN_CONSTANT_CONVERSION = YES;
				CLANG_WARN_DEPRECATED_OBJC_IMPLEMENTATIONS = YES;
				CLANG_WARN_DIRECT_OBJC_ISA_USAGE = YES_ERROR;
				CLANG_WARN_DOCUMENTATION_COMMENTS = YES;
				CLANG_WARN_EMPTY_BODY = YES;
				CLANG_WARN_ENUM_CONVERSION = YES;
				CLANG_WARN_INFINITE_RECURSION = YES;
				CLANG_WARN_INT_CONVERSION = YES;
				CLANG_WARN_NON_LITERAL_NULL_CONVERSION = YES;
				CLANG_WARN_OBJC_IMPLICIT_RETAIN_SELF = YES;
				CLANG_WARN_OBJC_LITERAL_CONVERSION = YES;
				CLANG_WARN_OBJC_ROOT_CLASS = YES_ERROR;
				CLANG_WARN_QUOTED_INCLUDE_IN_FRAMEWORK_HEADER = YES;
				CLANG_WARN_RANGE_LOOP_ANALYSIS = YES;
				CLANG_WARN_STRICT_PROTOTYPES = YES;
				CLANG_WARN_SUSPICIOUS_MOVE = YES;
				CLANG_WARN_UNGUARDED_AVAILABILITY = YES_AGGRESSIVE;
				CLANG_WARN_UNREACHABLE_CODE = YES;
				CLANG_WARN__DUPLICATE_METHOD_MATCH = YES;
				COPY_PHASE_STRIP = NO;
				DEBUG_INFORMATION_FORMAT = "dwarf-with-dsym";
				ENABLE_NS_ASSERTIONS = NO;
				ENABLE_STRICT_OBJC_MSGSEND = YES;
				ENABLE_USER_SCRIPT_SANDBOXING = YES;
				GCC_C_LANGUAGE_STANDARD = gnu17;
				GCC_NO_COMMON_BLOCKS = YES;
				GCC_WARN_64_TO_32_BIT_CONVERSION = YES;
				GCC_WARN_ABOUT_RETURN_TYPE = YES_ERROR;
				GCC_WARN_UNDECLARED_SELECTOR = YES;
				GCC_WARN_UNINITIALIZED_AUTOS = YES_AGGRESSIVE;
				GCC_WARN_UNUSED_FUNCTION = YES;
				GCC_WARN_UNUSED_VARIABLE = YES;
				LOCALIZATION_PREFERS_STRING_CATALOGS = YES;
				MTL_ENABLE_DEBUG_INFO = NO;
				MTL_FAST_MATH = YES;
				SWIFT_COMPILATION_MODE = wholemodule;
			};
			name = Release;
		};
/* End XCBuildConfiguration section */

/* Begin XCConfigurationList section */
		63E135FA2D3C42EB00A790DB /* Build configuration list for PBXProject "ToBeDetermined" */ = {
			isa = XCConfigurationList;
			buildConfigurations = (
				63E136752D3C42EC00A790DB /* Debug */,
				63E136762D3C42EC00A790DB /* Release */,
			);
			defaultConfigurationIsVisible = 0;
			defaultConfigurationName = Release;
		};
		63E136612D3C42EC00A790DB /* Build configuration list for PBXNativeTarget "ToBeDetermined Extension (iOS)" */ = {
			isa = XCConfigurationList;
			buildConfigurations = (
				63E136622D3C42EC00A790DB /* Debug */,
				63E136632D3C42EC00A790DB /* Release */,
			);
			defaultConfigurationIsVisible = 0;
			defaultConfigurationName = Release;
		};
		63E136662D3C42EC00A790DB /* Build configuration list for PBXNativeTarget "ToBeDetermined (iOS)" */ = {
			isa = XCConfigurationList;
			buildConfigurations = (
				63E136672D3C42EC00A790DB /* Debug */,
				63E136682D3C42EC00A790DB /* Release */,
			);
			defaultConfigurationIsVisible = 0;
			defaultConfigurationName = Release;
		};
		63E1366B2D3C42EC00A790DB /* Build configuration list for PBXNativeTarget "ToBeDetermined Extension (macOS)" */ = {
			isa = XCConfigurationList;
			buildConfigurations = (
				63E1366C2D3C42EC00A790DB /* Debug */,
				63E1366D2D3C42EC00A790DB /* Release */,
			);
			defaultConfigurationIsVisible = 0;
			defaultConfigurationName = Release;
		};
		63E136702D3C42EC00A790DB /* Build configuration list for PBXNativeTarget "ToBeDetermined (macOS)" */ = {
			isa = XCConfigurationList;
			buildConfigurations = (
				63E136712D3C42EC00A790DB /* Debug */,
				63E136722D3C42EC00A790DB /* Release */,
			);
			defaultConfigurationIsVisible = 0;
			defaultConfigurationName = Release;
		};
/* End XCConfigurationList section */
	};
	rootObject = 63E135F72D3C42EB00A790DB /* Project object */;
}
